{
    "name": "assets",
    "version": "1.0.0",
    "lockfileVersion": 1,
    "requires": true,
    "dependencies": {
        "animate.css": {
            "version": "3.6.1",
            "resolved": "https://registry.npmjs.org/animate.css/-/animate.css-3.6.1.tgz",
            "integrity": "sha512-xEIzzKyQvQSIldgrtC2d/qptAEQLVlMb6xQrjQ6HU6NyGhF7LAIivRZVmhSAg4EICRASNiS+A1G+wvAKTCoC7A=="
        },
        "bootstrap": {
            "version": "3.3.7",
            "resolved": "https://registry.npmjs.org/bootstrap/-/bootstrap-3.3.7.tgz",
            "integrity": "sha1-WjiTlFSfIzMIdaOxUGVldPip63E="
        },
        "html5shiv": {
            "version": "3.7.3",
            "resolved": "https://registry.npmjs.org/html5shiv/-/html5shiv-3.7.3.tgz",
            "integrity": "sha1-14qEo2e8uacQEA1XgCw4ewhGMdI="
        },
        "jquery": {
            "version": "3.3.1",
            "resolved": "https://registry.npmjs.org/jquery/-/jquery-3.3.1.tgz",
            "integrity": "sha1-lYzinoHJeQ8xvneS311NlfxX+8o="
        },
        "normalize.css": {
            "version": "7.0.0",
            "resolved": "https://registry.npmjs.org/normalize.css/-/normalize.css-7.0.0.tgz",
            "integrity": "sha1-q/sd2CRwZ04DIrU86xqvQSk45L8="
        },
        "vue": {
            "version": "2.5.16",
            "resolved": "https://registry.npmjs.org/vue/-/vue-2.5.16.tgz",
            "integrity": "sha512-/ffmsiVuPC8PsWcFkZngdpas19ABm5mh2wA7iDqcltyCTwlgZjHGeJYOXkBMo422iPwIcviOtrTCUpSfXmToLQ=="
        },
        "waypoints": {
            "version": "4.0.1",
            "resolved": "https://registry.npmjs.org/waypoints/-/waypoints-4.0.1.tgz",
            "integrity": "sha1-CZeaBXOBCylifLpDZqKEoGLsacg="
        }
    }
}
